
Microsoft Visual Studio Solution File, Format Version 12.00
# Visual Studio Version 17
VisualStudioVersion = 17.9.34622.214
MinimumVisualStudioVersion = 10.0.40219.1
Project("{FAE04EC0-301F-11D3-BF4B-00C04F79EFBC}") = "Ikigai Backend", "Ikigai Backend\Ikigai Backend.csproj", "{84261500-96CE-4EF7-809E-DEA8345766B5}"
EndProject
Global
	GlobalSection(SolutionConfigurationPlatforms) = preSolution
		Debug|Any CPU = Debug|Any CPU
		Release|Any CPU = Release|Any CPU
	EndGlobalSection
	GlobalSection(ProjectConfigurationPlatforms) = postSolution
		{84261500-96CE-4EF7-809E-DEA8345766B5}.Debug|Any CPU.ActiveCfg = Debug|Any CPU
		{84261500-96CE-4EF7-809E-DEA8345766B5}.Debug|Any CPU.Build.0 = Debug|Any CPU
		{84261500-96CE-4EF7-809E-DEA8345766B5}.Release|Any CPU.ActiveCfg = Release|Any CPU
		{84261500-96CE-4EF7-809E-DEA8345766B5}.Release|Any CPU.Build.0 = Release|Any CPU
	EndGlobalSection
	GlobalSection(SolutionProperties) = preSolution
		HideSolutionNode = FALSE
	EndGlobalSection
	GlobalSection(ExtensibilityGlobals) = postSolution
		SolutionGuid = {A1A1D994-D68C-4135-AFDA-42E544696EEE}
	EndGlobalSection
EndGlobal
